github.com/davecgh/go-spew v1.1.1 h1:vj9j/u1bqnvCEfJOwUhtlOARqs3+rkHYY13jYWTU97c=
github.com/davecgh/go-spew v1.1.1/go.mod h1:J7Y8YcW2NihsgmVo/mv3lAwl/skON4iLHjSsI+c5H38=
github.com/go-echarts/go-echarts/v2 v2.4.2 h1:1FC3tGzsLSgdeO4Ltc3OAtcIiRomfEKxKX9oocIL68g=
github.com/go-echarts/go-echarts/v2 v2.4.2/go.mod h1:56YlvzhW/a+du15f3S2qUGNDfKnFOeJSThBIrVFHDtI=
github.com/iti/cmdline v0.1.1 h1:Nq1heiXyE5suGc82dWMxAGruw8LAY7/dzVAazA96pJQ=
github.com/iti/cmdline v0.1.1/go.mod h1:TbCZptCysYs4UyP281TmNiEubmu19VKNvJFFsTtMos0=
github.com/iti/evt/evtm v0.1.4 h1:Lh24UpCPgnhMCE+MWKCbFSMjQhc14W/xA2PaxcdiEEY=
github.com/iti/evt/evtm v0.1.4/go.mod h1:g4WfNeI6lpSfIp7Jyv83Fz+dSCHs7IjXIweuvTg2yPk=
github.com/iti/evt/evtq v0.1.4 h1:cLkfhqiCRUSeiDVN/YN2ZC2L1mznL9n5o9CFKt/pwkc=
github.com/iti/evt/evtq v0.1.4/go.mod h1:85Zm3A+dgRd72YV8DS2VoNExUCt3Ckq2GqYnI4oqlBY=
github.com/iti/evt/vrtime v0.1.5 h1:5d2O3ZGb9OruBkBxZ1PzyXBlHkAUmW27jz9fUXHc6MI=
github.com/iti/evt/vrtime v0.1.5/go.mod h1:NtgQQ20CSeaLxWNsAROKuHtAdeXNZ86Wg6ox2l5LtrU=
github.com/iti/rngstream v0.2.2 h1:9cfSikwWPW1Yie+RjdJ23uUuMryLu+Ou38/TChYLPZ8=
github.com/iti/rngstream v0.2.2/go.mod h1:sf9vdWtEjVW4dxOocgIqbivkNIrfcl10H8jEeeqFNnQ=
github.com/pmezard/go-difflib v1.0.0 h1:4DBwDE0NGyQoBHbLQYPwSUPoCMWR5BEzIk/f1lZbAQM=
github.com/pmezard/go-difflib v1.0.0/go.mod h1:iKH77koFhYxTK1pcRnkKkqfTogsbg7gZNVY4sRDYZ/4=
github.com/stretchr/testify v1.6.0 h1:jlIyCplCJFULU/01vCkhKuTyc3OorI3bJFuw6obfgho=
github.com/stretchr/testify v1.6.0/go.mod h1:6Fq8oRcR53rry900zMqJjRRixrwX3KX962/h/Wwjteg=
gopkg.in/yaml.v3 v3.0.0 h1:hjy8E9ON/egN1tAYqKb61G10WtihqetD4sz2H+8nIeA=
gopkg.in/yaml.v3 v3.0.0/go.mod h1:K4uyk7z7BCEPqu6E+C64Yfv1cQ7kz7rIZviUmN+EgEM=
